# This file is automatically @generated by Poetry 1.7.1 and should not be changed by hand.

[[package]]
name = "annotated-types"
version = "0.6.0"
description = "Reusable constraint types to use with typing.Annotated"
optional = false
python-versions = ">=3.8"
files = [
    {file = "annotated_types-0.6.0-py3-none-any.whl", hash = "sha256:0641064de18ba7a25dee8f96403ebc39113d0cb953a01429249d5c7564666a43"},
    {file = "annotated_types-0.6.0.tar.gz", hash = "sha256:563339e807e53ffd9c267e99fc6d9ea23eb8443c08f112651963e24e22f84a5d"},
]

[package.dependencies]
typing-extensions = {version = ">=4.0.0", markers = "python_version < \"3.9\""}

[[package]]
name = "asgiref"
version = "3.7.2"
description = "ASGI specs, helper code, and adapters"
optional = false
python-versions = ">=3.7"
files = [
    {file = "asgiref-3.7.2-py3-none-any.whl", hash = "sha256:89b2ef2247e3b562a16eef663bc0e2e703ec6468e2fa8a5cd61cd449786d4f6e"},
    {file = "asgiref-3.7.2.tar.gz", hash = "sha256:9e0ce3aa93a819ba5b45120216b23878cf6e8525eb3848653452b4192b92afed"},
]

[package.dependencies]
typing-extensions = {version = ">=4", markers = "python_version < \"3.11\""}

[package.extras]
tests = ["mypy (>=0.800)", "pytest", "pytest-asyncio"]

[[package]]
name = "backports-zoneinfo"
version = "0.2.1"
description = "Backport of the standard library zoneinfo module"
optional = false
python-versions = ">=3.6"
files = [
    {file = "backports.zoneinfo-0.2.1-cp36-cp36m-macosx_10_14_x86_64.whl", hash = "sha256:da6013fd84a690242c310d77ddb8441a559e9cb3d3d59ebac9aca1a57b2e18bc"},
    {file = "backports.zoneinfo-0.2.1-cp36-cp36m-manylinux1_i686.whl", hash = "sha256:89a48c0d158a3cc3f654da4c2de1ceba85263fafb861b98b59040a5086259722"},
    {file = "backports.zoneinfo-0.2.1-cp36-cp36m-manylinux1_x86_64.whl", hash = "sha256:1c5742112073a563c81f786e77514969acb58649bcdf6cdf0b4ed31a348d4546"},
    {file = "backports.zoneinfo-0.2.1-cp36-cp36m-win32.whl", hash = "sha256:e8236383a20872c0cdf5a62b554b27538db7fa1bbec52429d8d106effbaeca08"},
    {file = "backports.zoneinfo-0.2.1-cp36-cp36m-win_amd64.whl", hash = "sha256:8439c030a11780786a2002261569bdf362264f605dfa4d65090b64b05c9f79a7"},
    {file = "backports.zoneinfo-0.2.1-cp37-cp37m-macosx_10_14_x86_64.whl", hash = "sha256:f04e857b59d9d1ccc39ce2da1021d196e47234873820cbeaad210724b1ee28ac"},
    {file = "backports.zoneinfo-0.2.1-cp37-cp37m-manylinux1_i686.whl", hash = "sha256:17746bd546106fa389c51dbea67c8b7c8f0d14b5526a579ca6ccf5ed72c526cf"},
    {file = "backports.zoneinfo-0.2.1-cp37-cp37m-manylinux1_x86_64.whl", hash = "sha256:5c144945a7752ca544b4b78c8c41544cdfaf9786f25fe5ffb10e838e19a27570"},
    {file = "backports.zoneinfo-0.2.1-cp37-cp37m-win32.whl", hash = "sha256:e55b384612d93be96506932a786bbcde5a2db7a9e6a4bb4bffe8b733f5b9036b"},
    {file = "backports.zoneinfo-0.2.1-cp37-cp37m-win_amd64.whl", hash = "sha256:a76b38c52400b762e48131494ba26be363491ac4f9a04c1b7e92483d169f6582"},
    {file = "backports.zoneinfo-0.2.1-cp38-cp38-macosx_10_14_x86_64.whl", hash = "sha256:8961c0f32cd0336fb8e8ead11a1f8cd99ec07145ec2931122faaac1c8f7fd987"},
    {file = "backports.zoneinfo-0.2.1-cp38-cp38-manylinux1_i686.whl", hash = "sha256:e81b76cace8eda1fca50e345242ba977f9be6ae3945af8d46326d776b4cf78d1"},
    {file = "backports.zoneinfo-0.2.1-cp38-cp38-manylinux1_x86_64.whl", hash = "sha256:7b0a64cda4145548fed9efc10322770f929b944ce5cee6c0dfe0c87bf4c0c8c9"},
    {file = "backports.zoneinfo-0.2.1-cp38-cp38-win32.whl", hash = "sha256:1b13e654a55cd45672cb54ed12148cd33628f672548f373963b0bff67b217328"},
    {file = "backports.zoneinfo-0.2.1-cp38-cp38-win_amd64.whl", hash = "sha256:4a0f800587060bf8880f954dbef70de6c11bbe59c673c3d818921f042f9954a6"},
    {file = "backports.zoneinfo-0.2.1.tar.gz", hash = "sha256:fadbfe37f74051d024037f223b8e001611eac868b5c5b06144ef4d8b799862f2"},
]

[package.extras]
tzdata = ["tzdata"]

[[package]]
name = "django"
version = "4.2.10"
description = "A high-level Python web framework that encourages rapid development and clean, pragmatic design."
optional = false
python-versions = ">=3.8"
files = [
    {file = "Django-4.2.10-py3-none-any.whl", hash = "sha256:a2d4c4d4ea0b6f0895acde632071aff6400bfc331228fc978b05452a0ff3e9f1"},
    {file = "Django-4.2.10.tar.gz", hash = "sha256:b1260ed381b10a11753c73444408e19869f3241fc45c985cd55a30177c789d13"},
]

[package.dependencies]
asgiref = ">=3.6.0,<4"
"backports.zoneinfo" = {version = "*", markers = "python_version < \"3.9\""}
sqlparse = ">=0.3.1"
tzdata = {version = "*", markers = "sys_platform == \"win32\""}

[package.extras]
argon2 = ["argon2-cffi (>=19.1.0)"]
bcrypt = ["bcrypt"]

[[package]]
name = "django-slack-tools"
version = "0.1.0"
description = "Little helpers working with Slack bot 🤖 in Django."
optional = false
python-versions = ">=3.8,<4.0"
files = [
    {file = "django_slack_tools-0.1.0-py3-none-any.whl", hash = "sha256:6d734a084bbc7a9d2c2f85e12da082fe844394bf0090c7009d0f63aa49d049f3"},
    {file = "django_slack_tools-0.1.0.tar.gz", hash = "sha256:70f3a1cb4df27d66ce6eb928bfa842ca4ec4992e3fe6a725827ca29b48af6ff8"},
]

[package.dependencies]
django = ">=3.2,<5"
pydantic = ">=2,<3"
slack-bolt = ">=1,<2"

[[package]]
name = "pydantic"
version = "2.6.0"
description = "Data validation using Python type hints"
optional = false
python-versions = ">=3.8"
files = [
    {file = "pydantic-2.6.0-py3-none-any.whl", hash = "sha256:1440966574e1b5b99cf75a13bec7b20e3512e8a61b894ae252f56275e2c465ae"},
    {file = "pydantic-2.6.0.tar.gz", hash = "sha256:ae887bd94eb404b09d86e4d12f93893bdca79d766e738528c6fa1c849f3c6bcf"},
]

[package.dependencies]
annotated-types = ">=0.4.0"
pydantic-core = "2.16.1"
typing-extensions = ">=4.6.1"

[package.extras]
email = ["email-validator (>=2.0.0)"]

[[package]]
name = "pydantic-core"
version = "2.16.1"
description = ""
optional = false
python-versions = ">=3.8"
files = [
    {file = "pydantic_core-2.16.1-cp310-cp310-macosx_10_12_x86_64.whl", hash = "sha256:300616102fb71241ff477a2cbbc847321dbec49428434a2f17f37528721c4948"},
    {file = "pydantic_core-2.16.1-cp310-cp310-macosx_11_0_arm64.whl", hash = "sha256:5511f962dd1b9b553e9534c3b9c6a4b0c9ded3d8c2be96e61d56f933feef9e1f"},
    {file = "pydantic_core-2.16.1-cp310-cp310-manylinux_2_17_aarch64.manylinux2014_aarch64.whl", hash = "sha256:98f0edee7ee9cc7f9221af2e1b95bd02810e1c7a6d115cfd82698803d385b28f"},
    {file = "pydantic_core-2.16.1-cp310-cp310-manylinux_2_17_armv7l.manylinux2014_armv7l.whl", hash = "sha256:9795f56aa6b2296f05ac79d8a424e94056730c0b860a62b0fdcfe6340b658cc8"},
    {file = "pydantic_core-2.16.1-cp310-cp310-manylinux_2_17_ppc64le.manylinux2014_ppc64le.whl", hash = "sha256:c45f62e4107ebd05166717ac58f6feb44471ed450d07fecd90e5f69d9bf03c48"},
    {file = "pydantic_core-2.16.1-cp310-cp310-manylinux_2_17_s390x.manylinux2014_s390x.whl", hash = "sha256:462d599299c5971f03c676e2b63aa80fec5ebc572d89ce766cd11ca8bcb56f3f"},
    {file = "pydantic_core-2.16.1-cp310-cp310-manylinux_2_17_x86_64.manylinux2014_x86_64.whl", hash = "sha256:21ebaa4bf6386a3b22eec518da7d679c8363fb7fb70cf6972161e5542f470798"},
    {file = "pydantic_core-2.16.1-cp310-cp310-manylinux_2_5_i686.manylinux1_i686.whl", hash = "sha256:99f9a50b56713a598d33bc23a9912224fc5d7f9f292444e6664236ae471ddf17"},
    {file = "pydantic_core-2.16.1-cp310-cp310-musllinux_1_1_aarch64.whl", hash = "sha256:8ec364e280db4235389b5e1e6ee924723c693cbc98e9d28dc1767041ff9bc388"},
    {file = "pydantic_core-2.16.1-cp310-cp310-musllinux_1_1_x86_64.whl", hash = "sha256:653a5dfd00f601a0ed6654a8b877b18d65ac32c9d9997456e0ab240807be6cf7"},
    {file = "pydantic_core-2.16.1-cp310-none-win32.whl", hash = "sha256:1661c668c1bb67b7cec96914329d9ab66755911d093bb9063c4c8914188af6d4"},
    {file = "pydantic_core-2.16.1-cp310-none-win_amd64.whl", hash = "sha256:561be4e3e952c2f9056fba5267b99be4ec2afadc27261505d4992c50b33c513c"},
    {file = "pydantic_core-2.16.1-cp311-cp311-macosx_10_12_x86_64.whl", hash = "sha256:102569d371fadc40d8f8598a59379c37ec60164315884467052830b28cc4e9da"},
    {file = "pydantic_core-2.16.1-cp311-cp311-macosx_11_0_arm64.whl", hash = "sha256:735dceec50fa907a3c314b84ed609dec54b76a814aa14eb90da31d1d36873a5e"},
    {file = "pydantic_core-2.16.1-cp311-cp311-manylinux_2_17_aarch64.manylinux2014_aarch64.whl", hash = "sha256:e83ebbf020be727d6e0991c1b192a5c2e7113eb66e3def0cd0c62f9f266247e4"},
    {file = "pydantic_core-2.16.1-cp311-cp311-manylinux_2_17_armv7l.manylinux2014_armv7l.whl", hash = "sha256:30a8259569fbeec49cfac7fda3ec8123486ef1b729225222f0d41d5f840b476f"},
    {file = "pydantic_core-2.16.1-cp311-cp311-manylinux_2_17_ppc64le.manylinux2014_ppc64le.whl", hash = "sha256:920c4897e55e2881db6a6da151198e5001552c3777cd42b8a4c2f72eedc2ee91"},
    {file = "pydantic_core-2.16.1-cp311-cp311-manylinux_2_17_s390x.manylinux2014_s390x.whl", hash = "sha256:f5247a3d74355f8b1d780d0f3b32a23dd9f6d3ff43ef2037c6dcd249f35ecf4c"},
    {file = "pydantic_core-2.16.1-cp311-cp311-manylinux_2_17_x86_64.manylinux2014_x86_64.whl", hash = "sha256:2d5bea8012df5bb6dda1e67d0563ac50b7f64a5d5858348b5c8cb5043811c19d"},
    {file = "pydantic_core-2.16.1-cp311-cp311-manylinux_2_5_i686.manylinux1_i686.whl", hash = "sha256:ed3025a8a7e5a59817b7494686d449ebfbe301f3e757b852c8d0d1961d6be864"},
    {file = "pydantic_core-2.16.1-cp311-cp311-musllinux_1_1_aarch64.whl", hash = "sha256:06f0d5a1d9e1b7932477c172cc720b3b23c18762ed7a8efa8398298a59d177c7"},
    {file = "pydantic_core-2.16.1-cp311-cp311-musllinux_1_1_x86_64.whl", hash = "sha256:150ba5c86f502c040b822777e2e519b5625b47813bd05f9273a8ed169c97d9ae"},
    {file = "pydantic_core-2.16.1-cp311-none-win32.whl", hash = "sha256:d6cbdf12ef967a6aa401cf5cdf47850559e59eedad10e781471c960583f25aa1"},
    {file = "pydantic_core-2.16.1-cp311-none-win_amd64.whl", hash = "sha256:afa01d25769af33a8dac0d905d5c7bb2d73c7c3d5161b2dd6f8b5b5eea6a3c4c"},
    {file = "pydantic_core-2.16.1-cp311-none-win_arm64.whl", hash = "sha256:1a2fe7b00a49b51047334d84aafd7e39f80b7675cad0083678c58983662da89b"},
    {file = "pydantic_core-2.16.1-cp312-cp312-macosx_10_12_x86_64.whl", hash = "sha256:0f478ec204772a5c8218e30eb813ca43e34005dff2eafa03931b3d8caef87d51"},
    {file = "pydantic_core-2.16.1-cp312-cp312-macosx_11_0_arm64.whl", hash = "sha256:f1936ef138bed2165dd8573aa65e3095ef7c2b6247faccd0e15186aabdda7f66"},
    {file = "pydantic_core-2.16.1-cp312-cp312-manylinux_2_17_aarch64.manylinux2014_aarch64.whl", hash = "sha256:99d3a433ef5dc3021c9534a58a3686c88363c591974c16c54a01af7efd741f13"},
    {file = "pydantic_core-2.16.1-cp312-cp312-manylinux_2_17_armv7l.manylinux2014_armv7l.whl", hash = "sha256:bd88f40f2294440d3f3c6308e50d96a0d3d0973d6f1a5732875d10f569acef49"},
    {file = "pydantic_core-2.16.1-cp312-cp312-manylinux_2_17_ppc64le.manylinux2014_ppc64le.whl", hash = "sha256:3fac641bbfa43d5a1bed99d28aa1fded1984d31c670a95aac1bf1d36ac6ce137"},
    {file = "pydantic_core-2.16.1-cp312-cp312-manylinux_2_17_s390x.manylinux2014_s390x.whl", hash = "sha256:72bf9308a82b75039b8c8edd2be2924c352eda5da14a920551a8b65d5ee89253"},
    {file = "pydantic_core-2.16.1-cp312-cp312-manylinux_2_17_x86_64.manylinux2014_x86_64.whl", hash = "sha256:fb4363e6c9fc87365c2bc777a1f585a22f2f56642501885ffc7942138499bf54"},
    {file = "pydantic_core-2.16.1-cp312-cp312-manylinux_2_5_i686.manylinux1_i686.whl", hash = "sha256:20f724a023042588d0f4396bbbcf4cffd0ddd0ad3ed4f0d8e6d4ac4264bae81e"},
    {file = "pydantic_core-2.16.1-cp312-cp312-musllinux_1_1_aarch64.whl", hash = "sha256:fb4370b15111905bf8b5ba2129b926af9470f014cb0493a67d23e9d7a48348e8"},
    {file = "pydantic_core-2.16.1-cp312-cp312-musllinux_1_1_x86_64.whl", hash = "sha256:23632132f1fd608034f1a56cc3e484be00854db845b3a4a508834be5a6435a6f"},
    {file = "pydantic_core-2.16.1-cp312-none-win32.whl", hash = "sha256:b9f3e0bffad6e238f7acc20c393c1ed8fab4371e3b3bc311020dfa6020d99212"},
    {file = "pydantic_core-2.16.1-cp312-none-win_amd64.whl", hash = "sha256:a0b4cfe408cd84c53bab7d83e4209458de676a6ec5e9c623ae914ce1cb79b96f"},
    {file = "pydantic_core-2.16.1-cp312-none-win_arm64.whl", hash = "sha256:d195add190abccefc70ad0f9a0141ad7da53e16183048380e688b466702195dd"},
    {file = "pydantic_core-2.16.1-cp38-cp38-macosx_10_12_x86_64.whl", hash = "sha256:502c062a18d84452858f8aea1e520e12a4d5228fc3621ea5061409d666ea1706"},
    {file = "pydantic_core-2.16.1-cp38-cp38-macosx_11_0_arm64.whl", hash = "sha256:d8c032ccee90b37b44e05948b449a2d6baed7e614df3d3f47fe432c952c21b60"},
    {file = "pydantic_core-2.16.1-cp38-cp38-manylinux_2_17_aarch64.manylinux2014_aarch64.whl", hash = "sha256:920f4633bee43d7a2818e1a1a788906df5a17b7ab6fe411220ed92b42940f818"},
    {file = "pydantic_core-2.16.1-cp38-cp38-manylinux_2_17_armv7l.manylinux2014_armv7l.whl", hash = "sha256:9f5d37ff01edcbace53a402e80793640c25798fb7208f105d87a25e6fcc9ea06"},
    {file = "pydantic_core-2.16.1-cp38-cp38-manylinux_2_17_ppc64le.manylinux2014_ppc64le.whl", hash = "sha256:399166f24c33a0c5759ecc4801f040dbc87d412c1a6d6292b2349b4c505effc9"},
    {file = "pydantic_core-2.16.1-cp38-cp38-manylinux_2_17_s390x.manylinux2014_s390x.whl", hash = "sha256:ac89ccc39cd1d556cc72d6752f252dc869dde41c7c936e86beac5eb555041b66"},
    {file = "pydantic_core-2.16.1-cp38-cp38-manylinux_2_17_x86_64.manylinux2014_x86_64.whl", hash = "sha256:73802194f10c394c2bedce7a135ba1d8ba6cff23adf4217612bfc5cf060de34c"},
    {file = "pydantic_core-2.16.1-cp38-cp38-manylinux_2_5_i686.manylinux1_i686.whl", hash = "sha256:8fa00fa24ffd8c31fac081bf7be7eb495be6d248db127f8776575a746fa55c95"},
    {file = "pydantic_core-2.16.1-cp38-cp38-musllinux_1_1_aarch64.whl", hash = "sha256:601d3e42452cd4f2891c13fa8c70366d71851c1593ed42f57bf37f40f7dca3c8"},
    {file = "pydantic_core-2.16.1-cp38-cp38-musllinux_1_1_x86_64.whl", hash = "sha256:07982b82d121ed3fc1c51faf6e8f57ff09b1325d2efccaa257dd8c0dd937acca"},
    {file = "pydantic_core-2.16.1-cp38-none-win32.whl", hash = "sha256:d0bf6f93a55d3fa7a079d811b29100b019784e2ee6bc06b0bb839538272a5610"},
    {file = "pydantic_core-2.16.1-cp38-none-win_amd64.whl", hash = "sha256:fbec2af0ebafa57eb82c18c304b37c86a8abddf7022955d1742b3d5471a6339e"},
    {file = "pydantic_core-2.16.1-cp39-cp39-macosx_10_12_x86_64.whl", hash = "sha256:a497be217818c318d93f07e14502ef93d44e6a20c72b04c530611e45e54c2196"},
    {file = "pydantic_core-2.16.1-cp39-cp39-macosx_11_0_arm64.whl", hash = "sha256:694a5e9f1f2c124a17ff2d0be613fd53ba0c26de588eb4bdab8bca855e550d95"},
    {file = "pydantic_core-2.16.1-cp39-cp39-manylinux_2_17_aarch64.manylinux2014_aarch64.whl", hash = "sha256:8d4dfc66abea3ec6d9f83e837a8f8a7d9d3a76d25c9911735c76d6745950e62c"},
    {file = "pydantic_core-2.16.1-cp39-cp39-manylinux_2_17_armv7l.manylinux2014_armv7l.whl", hash = "sha256:8655f55fe68c4685673265a650ef71beb2d31871c049c8b80262026f23605ee3"},
    {file = "pydantic_core-2.16.1-cp39-cp39-manylinux_2_17_ppc64le.manylinux2014_ppc64le.whl", hash = "sha256:21e3298486c4ea4e4d5cc6fb69e06fb02a4e22089304308817035ac006a7f506"},
    {file = "pydantic_core-2.16.1-cp39-cp39-manylinux_2_17_s390x.manylinux2014_s390x.whl", hash = "sha256:71b4a48a7427f14679f0015b13c712863d28bb1ab700bd11776a5368135c7d60"},
    {file = "pydantic_core-2.16.1-cp39-cp39-manylinux_2_17_x86_64.manylinux2014_x86_64.whl", hash = "sha256:10dca874e35bb60ce4f9f6665bfbfad050dd7573596608aeb9e098621ac331dc"},
    {file = "pydantic_core-2.16.1-cp39-cp39-manylinux_2_5_i686.manylinux1_i686.whl", hash = "sha256:fa496cd45cda0165d597e9d6f01e36c33c9508f75cf03c0a650018c5048f578e"},
    {file = "pydantic_core-2.16.1-cp39-cp39-musllinux_1_1_aarch64.whl", hash = "sha256:5317c04349472e683803da262c781c42c5628a9be73f4750ac7d13040efb5d2d"},
    {file = "pydantic_core-2.16.1-cp39-cp39-musllinux_1_1_x86_64.whl", hash = "sha256:42c29d54ed4501a30cd71015bf982fa95e4a60117b44e1a200290ce687d3e640"},
    {file = "pydantic_core-2.16.1-cp39-none-win32.whl", hash = "sha256:ba07646f35e4e49376c9831130039d1b478fbfa1215ae62ad62d2ee63cf9c18f"},
    {file = "pydantic_core-2.16.1-cp39-none-win_amd64.whl", hash = "sha256:2133b0e412a47868a358713287ff9f9a328879da547dc88be67481cdac529118"},
    {file = "pydantic_core-2.16.1-pp310-pypy310_pp73-macosx_10_12_x86_64.whl", hash = "sha256:d25ef0c33f22649b7a088035fd65ac1ce6464fa2876578df1adad9472f918a76"},
    {file = "pydantic_core-2.16.1-pp310-pypy310_pp73-macosx_11_0_arm64.whl", hash = "sha256:99c095457eea8550c9fa9a7a992e842aeae1429dab6b6b378710f62bfb70b394"},
    {file = "pydantic_core-2.16.1-pp310-pypy310_pp73-manylinux_2_17_aarch64.manylinux2014_aarch64.whl", hash = "sha256:b49c604ace7a7aa8af31196abbf8f2193be605db6739ed905ecaf62af31ccae0"},
    {file = "pydantic_core-2.16.1-pp310-pypy310_pp73-manylinux_2_17_x86_64.manylinux2014_x86_64.whl", hash = "sha256:c56da23034fe66221f2208c813d8aa509eea34d97328ce2add56e219c3a9f41c"},
    {file = "pydantic_core-2.16.1-pp310-pypy310_pp73-manylinux_2_5_i686.manylinux1_i686.whl", hash = "sha256:cebf8d56fee3b08ad40d332a807ecccd4153d3f1ba8231e111d9759f02edfd05"},
    {file = "pydantic_core-2.16.1-pp310-pypy310_pp73-musllinux_1_1_aarch64.whl", hash = "sha256:1ae8048cba95f382dba56766525abca438328455e35c283bb202964f41a780b0"},
    {file = "pydantic_core-2.16.1-pp310-pypy310_pp73-musllinux_1_1_x86_64.whl", hash = "sha256:780daad9e35b18d10d7219d24bfb30148ca2afc309928e1d4d53de86822593dc"},
    {file = "pydantic_core-2.16.1-pp310-pypy310_pp73-win_amd64.whl", hash = "sha256:c94b5537bf6ce66e4d7830c6993152940a188600f6ae044435287753044a8fe2"},
    {file = "pydantic_core-2.16.1-pp39-pypy39_pp73-macosx_10_12_x86_64.whl", hash = "sha256:adf28099d061a25fbcc6531febb7a091e027605385de9fe14dd6a97319d614cf"},
    {file = "pydantic_core-2.16.1-pp39-pypy39_pp73-macosx_11_0_arm64.whl", hash = "sha256:644904600c15816a1f9a1bafa6aab0d21db2788abcdf4e2a77951280473f33e1"},
    {file = "pydantic_core-2.16.1-pp39-pypy39_pp73-manylinux_2_17_aarch64.manylinux2014_aarch64.whl", hash = "sha256:87bce04f09f0552b66fca0c4e10da78d17cb0e71c205864bab4e9595122cb9d9"},
    {file = "pydantic_core-2.16.1-pp39-pypy39_pp73-manylinux_2_17_x86_64.manylinux2014_x86_64.whl", hash = "sha256:877045a7969ace04d59516d5d6a7dee13106822f99a5d8df5e6822941f7bedc8"},
    {file = "pydantic_core-2.16.1-pp39-pypy39_pp73-manylinux_2_5_i686.manylinux1_i686.whl", hash = "sha256:9c46e556ee266ed3fb7b7a882b53df3c76b45e872fdab8d9cf49ae5e91147fd7"},
    {file = "pydantic_core-2.16.1-pp39-pypy39_pp73-musllinux_1_1_aarch64.whl", hash = "sha256:4eebbd049008eb800f519578e944b8dc8e0f7d59a5abb5924cc2d4ed3a1834ff"},
    {file = "pydantic_core-2.16.1-pp39-pypy39_pp73-musllinux_1_1_x86_64.whl", hash = "sha256:c0be58529d43d38ae849a91932391eb93275a06b93b79a8ab828b012e916a206"},
    {file = "pydantic_core-2.16.1-pp39-pypy39_pp73-win_amd64.whl", hash = "sha256:b1fc07896fc1851558f532dffc8987e526b682ec73140886c831d773cef44b76"},
    {file = "pydantic_core-2.16.1.tar.gz", hash = "sha256:daff04257b49ab7f4b3f73f98283d3dbb1a65bf3500d55c7beac3c66c310fe34"},
]

[package.dependencies]
typing-extensions = ">=4.6.0,<4.7.0 || >4.7.0"

[[package]]
name = "slack-bolt"
version = "1.18.1"
description = "The Bolt Framework for Python"
optional = false
python-versions = ">=3.6"
files = [
    {file = "slack_bolt-1.18.1-py2.py3-none-any.whl", hash = "sha256:2509e5bb43898a593667bf37965057a9b9a41008b29628e3b57a6136b650b90e"},
    {file = "slack_bolt-1.18.1.tar.gz", hash = "sha256:694f84a81ba1c4c428ba7daa01d599d3e9fba7a54ad10c11008aa22573b23ff0"},
]

[package.dependencies]
slack-sdk = ">=3.25.0,<4"

[package.extras]
adapter = ["CherryPy (>=18,<19)", "Django (>=3,<5)", "Flask (>=1,<3)", "Werkzeug (>=2,<3)", "boto3 (<=2)", "bottle (>=0.12,<1)", "chalice (>=1.28,<2)", "falcon (>=2,<4)", "fastapi (>=0.70.0,<1)", "gunicorn (>=20,<21)", "pyramid (>=1,<3)", "sanic (>=22,<23)", "starlette (>=0.14,<1)", "tornado (>=6,<7)", "uvicorn (<1)", "websocket-client (>=1.2.3,<2)"]
adapter-testing = ["Flask (>=1,<2)", "Werkzeug (>=1,<2)", "boddle (>=0.2,<0.3)", "docker (>=5,<6)", "moto (>=3,<4)", "requests (>=2,<3)", "sanic-testing (>=0.7)"]
async = ["aiohttp (>=3,<4)", "websockets (>=10,<11)"]
testing = ["Flask-Sockets (>=0.2,<1)", "Jinja2 (==3.0.3)", "Werkzeug (>=1,<2)", "aiohttp (>=3,<4)", "black (==22.8.0)", "click (<=8.0.4)", "itsdangerous (==2.0.1)", "pytest (>=6.2.5,<7)", "pytest-asyncio (>=0.18.2,<1)", "pytest-cov (>=3,<4)"]
testing-without-asyncio = ["Flask-Sockets (>=0.2,<1)", "Jinja2 (==3.0.3)", "Werkzeug (>=1,<2)", "black (==22.8.0)", "click (<=8.0.4)", "itsdangerous (==2.0.1)", "pytest (>=6.2.5,<7)", "pytest-cov (>=3,<4)"]

[[package]]
name = "slack-sdk"
version = "3.26.2"
description = "The Slack API Platform SDK for Python"
optional = false
python-versions = ">=3.6"
files = [
    {file = "slack_sdk-3.26.2-py2.py3-none-any.whl", hash = "sha256:a10e8ee69ca17d274989d0c2bbecb875f19898da3052d8d57de0898a00b1ab52"},
    {file = "slack_sdk-3.26.2.tar.gz", hash = "sha256:bcdac5e688fa50e9357ecd00b803b6a8bad766aa614d35d8dc0636f40adc48bf"},
]

[[package]]
name = "sqlparse"
version = "0.4.4"
description = "A non-validating SQL parser."
optional = false
python-versions = ">=3.5"
files = [
    {file = "sqlparse-0.4.4-py3-none-any.whl", hash = "sha256:5430a4fe2ac7d0f93e66f1efc6e1338a41884b7ddf2a350cedd20ccc4d9d28f3"},
    {file = "sqlparse-0.4.4.tar.gz", hash = "sha256:d446183e84b8349fa3061f0fe7f06ca94ba65b426946ffebe6e3e8295332420c"},
]

[package.extras]
dev = ["build", "flake8"]
doc = ["sphinx"]
test = ["pytest", "pytest-cov"]

[[package]]
name = "typing-extensions"
version = "4.9.0"
description = "Backported and Experimental Type Hints for Python 3.8+"
optional = false
python-versions = ">=3.8"
files = [
    {file = "typing_extensions-4.9.0-py3-none-any.whl", hash = "sha256:af72aea155e91adfc61c3ae9e0e342dbc0cba726d6cba4b6c72c1f34e47291cd"},
    {file = "typing_extensions-4.9.0.tar.gz", hash = "sha256:23478f88c37f27d76ac8aee6c905017a143b0b1b886c3c9f66bc2fd94f9f5783"},
]

[[package]]
name = "tzdata"
version = "2023.4"
description = "Provider of IANA time zone data"
optional = false
python-versions = ">=2"
files = [
    {file = "tzdata-2023.4-py2.py3-none-any.whl", hash = "sha256:aa3ace4329eeacda5b7beb7ea08ece826c28d761cda36e747cfbf97996d39bf3"},
    {file = "tzdata-2023.4.tar.gz", hash = "sha256:dd54c94f294765522c77399649b4fefd95522479a664a0cec87f41bebc6148c9"},
]

[metadata]
lock-version = "2.0"
python-versions = "^3.8"
content-hash = "a73706e32aeccf3e64003884b98b9de7dae463dbbfae2edddf0da292b30e6f5e"
